
Microsoft Visual Studio Solution File, Format Version 12.00
# Visual Studio Version 17
VisualStudioVersion = 17.0.31903.59
MinimumVisualStudioVersion = 10.0.40219.1
Project("{FAE04EC0-301F-11D3-BF4B-00C04F79EFBC}") = "API", "API\API.csproj", "{CE41D84F-2D03-4371-ADAB-E5361DBC7E08}"
EndProject
Project("{FAE04EC0-301F-11D3-BF4B-00C04F79EFBC}") = "Core", "Core\Core.csproj", "{AC83D5AF-68C3-4842-ADDE-E52B3F5710D1}"
EndProject
Project("{FAE04EC0-301F-11D3-BF4B-00C04F79EFBC}") = "Infrastructure", "Infrastructure\Infrastructure.csproj", "{FFE82A7D-EB79-47E8-964B-6648AE12D801}"
EndProject
Global
	GlobalSection(SolutionConfigurationPlatforms) = preSolution
		Debug|Any CPU = Debug|Any CPU
		Release|Any CPU = Release|Any CPU
	EndGlobalSection
	GlobalSection(SolutionProperties) = preSolution
		HideSolutionNode = FALSE
	EndGlobalSection
	GlobalSection(ProjectConfigurationPlatforms) = postSolution
		{CE41D84F-2D03-4371-ADAB-E5361DBC7E08}.Debug|Any CPU.ActiveCfg = Debug|Any CPU
		{CE41D84F-2D03-4371-ADAB-E5361DBC7E08}.Debug|Any CPU.Build.0 = Debug|Any CPU
		{CE41D84F-2D03-4371-ADAB-E5361DBC7E08}.Release|Any CPU.ActiveCfg = Release|Any CPU
		{CE41D84F-2D03-4371-ADAB-E5361DBC7E08}.Release|Any CPU.Build.0 = Release|Any CPU
		{AC83D5AF-68C3-4842-ADDE-E52B3F5710D1}.Debug|Any CPU.ActiveCfg = Debug|Any CPU
		{AC83D5AF-68C3-4842-ADDE-E52B3F5710D1}.Debug|Any CPU.Build.0 = Debug|Any CPU
		{AC83D5AF-68C3-4842-ADDE-E52B3F5710D1}.Release|Any CPU.ActiveCfg = Release|Any CPU
		{AC83D5AF-68C3-4842-ADDE-E52B3F5710D1}.Release|Any CPU.Build.0 = Release|Any CPU
		{FFE82A7D-EB79-47E8-964B-6648AE12D801}.Debug|Any CPU.ActiveCfg = Debug|Any CPU
		{FFE82A7D-EB79-47E8-964B-6648AE12D801}.Debug|Any CPU.Build.0 = Debug|Any CPU
		{FFE82A7D-EB79-47E8-964B-6648AE12D801}.Release|Any CPU.ActiveCfg = Release|Any CPU
		{FFE82A7D-EB79-47E8-964B-6648AE12D801}.Release|Any CPU.Build.0 = Release|Any CPU
	EndGlobalSection
EndGlobal
